
Microsoft Visual Studio Solution File, Format Version 12.00
# Visual Studio Version 17
VisualStudioVersion = 17.0.31903.59
MinimumVisualStudioVersion = 10.0.40219.1
Project("{2150E333-8FDC-42A3-9474-1A3956D46DE8}") = "src", "src", "{88CD92F5-63CF-40E2-8572-51AB93AFBE43}"
EndProject
Project("{FAE04EC0-301F-11D3-BF4B-00C04F79EFBC}") = "MySampleBolg.Domain", "src\Domain\MySampleBolg.Domain.csproj", "{16974F3D-448D-403E-8CA6-908006D304E6}"
EndProject
Project("{FAE04EC0-301F-11D3-BF4B-00C04F79EFBC}") = "MySampleBolg.Application", "src\Application\MySampleBolg.Application.csproj", "{B9D12FE3-9C7C-4596-B119-C7C88282B4C6}"
EndProject
Project("{FAE04EC0-301F-11D3-BF4B-00C04F79EFBC}") = "MySampleBolg.APIs", "src\APIs\MySampleBolg.APIs.csproj", "{73D2D2F2-674F-4EDF-9DF7-4260FE63F9C1}"
EndProject
Project("{FAE04EC0-301F-11D3-BF4B-00C04F79EFBC}") = "MySampleBolg.Infrastructure", "src\Infrastructure\MySampleBolg.Infrastructure.csproj", "{28293FC0-417C-4AF8-A69E-28F4EDF1CE18}"
EndProject
Global
	GlobalSection(SolutionConfigurationPlatforms) = preSolution
		Debug|Any CPU = Debug|Any CPU
		Release|Any CPU = Release|Any CPU
	EndGlobalSection
	GlobalSection(SolutionProperties) = preSolution
		HideSolutionNode = FALSE
	EndGlobalSection
	GlobalSection(ProjectConfigurationPlatforms) = postSolution
		{16974F3D-448D-403E-8CA6-908006D304E6}.Debug|Any CPU.ActiveCfg = Debug|Any CPU
		{16974F3D-448D-403E-8CA6-908006D304E6}.Debug|Any CPU.Build.0 = Debug|Any CPU
		{16974F3D-448D-403E-8CA6-908006D304E6}.Release|Any CPU.ActiveCfg = Release|Any CPU
		{16974F3D-448D-403E-8CA6-908006D304E6}.Release|Any CPU.Build.0 = Release|Any CPU
		{B9D12FE3-9C7C-4596-B119-C7C88282B4C6}.Debug|Any CPU.ActiveCfg = Debug|Any CPU
		{B9D12FE3-9C7C-4596-B119-C7C88282B4C6}.Debug|Any CPU.Build.0 = Debug|Any CPU
		{B9D12FE3-9C7C-4596-B119-C7C88282B4C6}.Release|Any CPU.ActiveCfg = Release|Any CPU
		{B9D12FE3-9C7C-4596-B119-C7C88282B4C6}.Release|Any CPU.Build.0 = Release|Any CPU
		{73D2D2F2-674F-4EDF-9DF7-4260FE63F9C1}.Debug|Any CPU.ActiveCfg = Debug|Any CPU
		{73D2D2F2-674F-4EDF-9DF7-4260FE63F9C1}.Debug|Any CPU.Build.0 = Debug|Any CPU
		{73D2D2F2-674F-4EDF-9DF7-4260FE63F9C1}.Release|Any CPU.ActiveCfg = Release|Any CPU
		{73D2D2F2-674F-4EDF-9DF7-4260FE63F9C1}.Release|Any CPU.Build.0 = Release|Any CPU
		{28293FC0-417C-4AF8-A69E-28F4EDF1CE18}.Debug|Any CPU.ActiveCfg = Debug|Any CPU
		{28293FC0-417C-4AF8-A69E-28F4EDF1CE18}.Debug|Any CPU.Build.0 = Debug|Any CPU
		{28293FC0-417C-4AF8-A69E-28F4EDF1CE18}.Release|Any CPU.ActiveCfg = Release|Any CPU
		{28293FC0-417C-4AF8-A69E-28F4EDF1CE18}.Release|Any CPU.Build.0 = Release|Any CPU
	EndGlobalSection
	GlobalSection(NestedProjects) = preSolution
		{16974F3D-448D-403E-8CA6-908006D304E6} = {88CD92F5-63CF-40E2-8572-51AB93AFBE43}
		{B9D12FE3-9C7C-4596-B119-C7C88282B4C6} = {88CD92F5-63CF-40E2-8572-51AB93AFBE43}
		{73D2D2F2-674F-4EDF-9DF7-4260FE63F9C1} = {88CD92F5-63CF-40E2-8572-51AB93AFBE43}
		{28293FC0-417C-4AF8-A69E-28F4EDF1CE18} = {88CD92F5-63CF-40E2-8572-51AB93AFBE43}
	EndGlobalSection
EndGlobal
